// !$*UTF8*$!
{
	archiveVersion = 1;
	classes = {
	};
	objectVersion = 46;
	objects = {

/* Begin PBXBuildFile section */
		1C32BDAF1CDD3D100052FA40 /* kern_resources.cpp in Sources */ = {isa = PBXBuildFile; fileRef = 1C32BDAD1CDD3D100052FA40 /* kern_resources.cpp */; };
		1C32BDB81CDD485C0052FA40 /* main.mm in Sources */ = {isa = PBXBuildFile; fileRef = 1C32BDB71CDD485C0052FA40 /* main.mm */; };
		1C748C2D1C21952C0024EED2 /* kern_start.cpp in Sources */ = {isa = PBXBuildFile; fileRef = 1C748C2C1C21952C0024EED2 /* kern_start.cpp */; };
		CE405EEF1E4A754A00AA0B3D /* kern_api.hpp in Headers */ = {isa = PBXBuildFile; fileRef = CE405EDE1E4A754A00AA0B3D /* kern_api.hpp */; };
		CE405EF01E4A754A00AA0B3D /* kern_compression.hpp in Headers */ = {isa = PBXBuildFile; fileRef = CE405EDF1E4A754A00AA0B3D /* kern_compression.hpp */; };
		CE405EF11E4A754A00AA0B3D /* kern_config.hpp in Headers */ = {isa = PBXBuildFile; fileRef = CE405EE01E4A754A00AA0B3D /* kern_config.hpp */; };
		CE405EF21E4A754A00AA0B3D /* kern_disasm.hpp in Headers */ = {isa = PBXBuildFile; fileRef = CE405EE11E4A754A00AA0B3D /* kern_disasm.hpp */; };
		CE405EF31E4A754A00AA0B3D /* kern_file.hpp in Headers */ = {isa = PBXBuildFile; fileRef = CE405EE21E4A754A00AA0B3D /* kern_file.hpp */; };
		CE405EF41E4A754A00AA0B3D /* kern_iokit.hpp in Headers */ = {isa = PBXBuildFile; fileRef = CE405EE31E4A754A00AA0B3D /* kern_iokit.hpp */; };
		CE405EF51E4A754A00AA0B3D /* kern_mach.hpp in Headers */ = {isa = PBXBuildFile; fileRef = CE405EE41E4A754A00AA0B3D /* kern_mach.hpp */; };
		CE405EF61E4A754A00AA0B3D /* kern_patcher.hpp in Headers */ = {isa = PBXBuildFile; fileRef = CE405EE51E4A754A00AA0B3D /* kern_patcher.hpp */; };
		CE405EF71E4A754A00AA0B3D /* kern_policy.hpp in Headers */ = {isa = PBXBuildFile; fileRef = CE405EE61E4A754A00AA0B3D /* kern_policy.hpp */; };
		CE405EF91E4A754A00AA0B3D /* kern_user.hpp in Headers */ = {isa = PBXBuildFile; fileRef = CE405EE81E4A754A00AA0B3D /* kern_user.hpp */; };
		CE405EFA1E4A754A00AA0B3D /* kern_util.hpp in Headers */ = {isa = PBXBuildFile; fileRef = CE405EE91E4A754A00AA0B3D /* kern_util.hpp */; };
		CE405EFB1E4A754A00AA0B3D /* plugin_start.hpp in Headers */ = {isa = PBXBuildFile; fileRef = CE405EEA1E4A754A00AA0B3D /* plugin_start.hpp */; };
		CE405EFC1E4A754A00AA0B3D /* LegacyIOService.h in Headers */ = {isa = PBXBuildFile; fileRef = CE405EEC1E4A754A00AA0B3D /* LegacyIOService.h */; };
		CE405EFE1E4A754A00AA0B3D /* plugin_start.cpp in Sources */ = {isa = PBXBuildFile; fileRef = CE405EEE1E4A754A00AA0B3D /* plugin_start.cpp */; };
		CED4408F1E4CEAAC004A8782 /* libkmod.a in Frameworks */ = {isa = PBXBuildFile; fileRef = CED4408E1E4CEA91004A8782 /* libkmod.a */; };
/* End PBXBuildFile section */

/* Begin PBXContainerItemProxy section */
		1C32BDBC1CDD48920052FA40 /* PBXContainerItemProxy */ = {
			isa = PBXContainerItemProxy;
			containerPortal = 1C748C1E1C21952C0024EED2 /* Project object */;
			proxyType = 1;
			remoteGlobalIDString = 1C32BDB41CDD485C0052FA40;
			remoteInfo = ResourceConverter;
		};
/* End PBXContainerItemProxy section */

/* Begin PBXCopyFilesBuildPhase section */
		1C32BDB31CDD485C0052FA40 /* CopyFiles */ = {
			isa = PBXCopyFilesBuildPhase;
			buildActionMask = 2147483647;
			dstPath = /usr/share/man/man1/;
			dstSubfolderSpec = 0;
			files = (
			);
			runOnlyForDeploymentPostprocessing = 1;
		};
/* End PBXCopyFilesBuildPhase section */

/* Begin PBXFileReference section */
		1C32BDAD1CDD3D100052FA40 /* kern_resources.cpp */ = {isa = PBXFileReference; fileEncoding = 4; lastKnownFileType = sourcecode.cpp.cpp; path = kern_resources.cpp; sourceTree = "<group>"; };
		1C32BDB51CDD485C0052FA40 /* ResourceConverter */ = {isa = PBXFileReference; explicitFileType = "compiled.mach-o.executable"; includeInIndex = 0; path = ResourceConverter; sourceTree = BUILT_PRODUCTS_DIR; };
		1C32BDB71CDD485C0052FA40 /* main.mm */ = {isa = PBXFileReference; lastKnownFileType = sourcecode.cpp.objcpp; path = main.mm; sourceTree = "<group>"; };
		1C32BDBF1CDD48B90052FA40 /* generate.sh */ = {isa = PBXFileReference; lastKnownFileType = text.script.sh; path = generate.sh; sourceTree = "<group>"; };
		1C430F481CDD24E90051105D /* Patches.plist */ = {isa = PBXFileReference; lastKnownFileType = text.plist.xml; path = Patches.plist; sourceTree = "<group>"; };
		1C748C271C21952C0024EED2 /* Shiki.kext */ = {isa = PBXFileReference; explicitFileType = wrapper.cfbundle; includeInIndex = 0; path = Shiki.kext; sourceTree = BUILT_PRODUCTS_DIR; };
		1C748C2C1C21952C0024EED2 /* kern_start.cpp */ = {isa = PBXFileReference; lastKnownFileType = sourcecode.cpp.cpp; path = kern_start.cpp; sourceTree = "<group>"; };
		1C748C2E1C21952C0024EED2 /* Info.plist */ = {isa = PBXFileReference; lastKnownFileType = text.plist.xml; path = Info.plist; sourceTree = "<group>"; };
		CE2207681F3449030097F9F8 /* FAQ.en.md */ = {isa = PBXFileReference; lastKnownFileType = net.daringfireball.markdown; path = FAQ.en.md; sourceTree = "<group>"; };
		CE2207691F3449030097F9F8 /* FAQ.ru.md */ = {isa = PBXFileReference; lastKnownFileType = net.daringfireball.markdown; path = FAQ.ru.md; sourceTree = "<group>"; };
		CE22076A1F3449030097F9F8 /* FAQ.zh_CN.md */ = {isa = PBXFileReference; lastKnownFileType = net.daringfireball.markdown; path = FAQ.zh_CN.md; sourceTree = "<group>"; };
		CE405EDE1E4A754A00AA0B3D /* kern_api.hpp */ = {isa = PBXFileReference; fileEncoding = 4; lastKnownFileType = sourcecode.cpp.h; path = kern_api.hpp; sourceTree = "<group>"; };
		CE405EDF1E4A754A00AA0B3D /* kern_compression.hpp */ = {isa = PBXFileReference; fileEncoding = 4; lastKnownFileType = sourcecode.cpp.h; path = kern_compression.hpp; sourceTree = "<group>"; };
		CE405EE01E4A754A00AA0B3D /* kern_config.hpp */ = {isa = PBXFileReference; fileEncoding = 4; lastKnownFileType = sourcecode.cpp.h; path = kern_config.hpp; sourceTree = "<group>"; };
		CE405EE11E4A754A00AA0B3D /* kern_disasm.hpp */ = {isa = PBXFileReference; fileEncoding = 4; lastKnownFileType = sourcecode.cpp.h; path = kern_disasm.hpp; sourceTree = "<group>"; };
		CE405EE21E4A754A00AA0B3D /* kern_file.hpp */ = {isa = PBXFileReference; fileEncoding = 4; lastKnownFileType = sourcecode.cpp.h; path = kern_file.hpp; sourceTree = "<group>"; };
		CE405EE31E4A754A00AA0B3D /* kern_iokit.hpp */ = {isa = PBXFileReference; fileEncoding = 4; lastKnownFileType = sourcecode.cpp.h; path = kern_iokit.hpp; sourceTree = "<group>"; };
		CE405EE41E4A754A00AA0B3D /* kern_mach.hpp */ = {isa = PBXFileReference; fileEncoding = 4; lastKnownFileType = sourcecode.cpp.h; path = kern_mach.hpp; sourceTree = "<group>"; };
		CE405EE51E4A754A00AA0B3D /* kern_patcher.hpp */ = {isa = PBXFileReference; fileEncoding = 4; lastKnownFileType = sourcecode.cpp.h; path = kern_patcher.hpp; sourceTree = "<group>"; };
		CE405EE61E4A754A00AA0B3D /* kern_policy.hpp */ = {isa = PBXFileReference; fileEncoding = 4; lastKnownFileType = sourcecode.cpp.h; path = kern_policy.hpp; sourceTree = "<group>"; };
		CE405EE81E4A754A00AA0B3D /* kern_user.hpp */ = {isa = PBXFileReference; fileEncoding = 4; lastKnownFileType = sourcecode.cpp.h; path = kern_user.hpp; sourceTree = "<group>"; };
		CE405EE91E4A754A00AA0B3D /* kern_util.hpp */ = {isa = PBXFileReference; fileEncoding = 4; lastKnownFileType = sourcecode.cpp.h; path = kern_util.hpp; sourceTree = "<group>"; };
		CE405EEA1E4A754A00AA0B3D /* plugin_start.hpp */ = {isa = PBXFileReference; fileEncoding = 4; lastKnownFileType = sourcecode.cpp.h; path = plugin_start.hpp; sourceTree = "<group>"; };
		CE405EEC1E4A754A00AA0B3D /* LegacyIOService.h */ = {isa = PBXFileReference; fileEncoding = 4; lastKnownFileType = sourcecode.c.h; path = LegacyIOService.h; sourceTree = "<group>"; };
		CE405EEE1E4A754A00AA0B3D /* plugin_start.cpp */ = {isa = PBXFileReference; fileEncoding = 4; lastKnownFileType = sourcecode.cpp.cpp; path = plugin_start.cpp; sourceTree = "<group>"; };
		CEC962431D835DE000E3E772 /* Changelog.md */ = {isa = PBXFileReference; lastKnownFileType = net.daringfireball.markdown; path = Changelog.md; sourceTree = "<group>"; };
		CEC962461D835DE000E3E772 /* LICENSE.txt */ = {isa = PBXFileReference; lastKnownFileType = text; path = LICENSE.txt; sourceTree = "<group>"; };
		CEC962471D835DE000E3E772 /* README.md */ = {isa = PBXFileReference; lastKnownFileType = net.daringfireball.markdown; path = README.md; sourceTree = "<group>"; };
		CECE7F1F1D8812A000B291A7 /* kern_resources.hpp */ = {isa = PBXFileReference; lastKnownFileType = sourcecode.cpp.h; path = kern_resources.hpp; sourceTree = "<group>"; };
		CED4408E1E4CEA91004A8782 /* libkmod.a */ = {isa = PBXFileReference; lastKnownFileType = archive.ar; path = libkmod.a; sourceTree = "<group>"; };
/* End PBXFileReference section */

/* Begin PBXFrameworksBuildPhase section */
		CE6BD31D1E4CE9C600DCB2D4 /* Frameworks */ = {
			isa = PBXFrameworksBuildPhase;
			buildActionMask = 2147483647;
			files = (
				CED4408F1E4CEAAC004A8782 /* libkmod.a in Frameworks */,
			);
			runOnlyForDeploymentPostprocessing = 0;
		};
/* End PBXFrameworksBuildPhase section */

/* Begin PBXGroup section */
		1C32BDB61CDD485C0052FA40 /* ResourceConverter */ = {
			isa = PBXGroup;
			children = (
				1C32BDB71CDD485C0052FA40 /* main.mm */,
				1C32BDBF1CDD48B90052FA40 /* generate.sh */,
			);
			path = ResourceConverter;
			sourceTree = "<group>";
		};
		1C430F461CDD245F0051105D /* Resources */ = {
			isa = PBXGroup;
			children = (
				1C430F481CDD24E90051105D /* Patches.plist */,
			);
			path = Resources;
			sourceTree = "<group>";
		};
		1C748C1D1C21952C0024EED2 = {
			isa = PBXGroup;
			children = (
				CEC962481D835DE400E3E772 /* Docs */,
				1C430F461CDD245F0051105D /* Resources */,
				CE405EFF1E4A755E00AA0B3D /* SDK */,
				1C748C291C21952C0024EED2 /* Shiki */,
				1C32BDB61CDD485C0052FA40 /* ResourceConverter */,
				1C748C281C21952C0024EED2 /* Products */,
			);
			sourceTree = "<group>";
		};
		1C748C281C21952C0024EED2 /* Products */ = {
			isa = PBXGroup;
			children = (
				1C748C271C21952C0024EED2 /* Shiki.kext */,
				1C32BDB51CDD485C0052FA40 /* ResourceConverter */,
			);
			name = Products;
			sourceTree = "<group>";
		};
		1C748C291C21952C0024EED2 /* Shiki */ = {
			isa = PBXGroup;
			children = (
				1C748C2C1C21952C0024EED2 /* kern_start.cpp */,
				1C32BDAD1CDD3D100052FA40 /* kern_resources.cpp */,
				CECE7F1F1D8812A000B291A7 /* kern_resources.hpp */,
				1C748C2E1C21952C0024EED2 /* Info.plist */,
			);
			path = Shiki;
			sourceTree = "<group>";
		};
		CE2207671F3449030097F9F8 /* Manual */ = {
			isa = PBXGroup;
			children = (
				CE2207681F3449030097F9F8 /* FAQ.en.md */,
				CE2207691F3449030097F9F8 /* FAQ.ru.md */,
				CE22076A1F3449030097F9F8 /* FAQ.zh_CN.md */,
			);
			path = Manual;
			sourceTree = "<group>";
		};
		CE405EDD1E4A754A00AA0B3D /* Headers */ = {
			isa = PBXGroup;
			children = (
				CE405EDE1E4A754A00AA0B3D /* kern_api.hpp */,
				CE405EDF1E4A754A00AA0B3D /* kern_compression.hpp */,
				CE405EE01E4A754A00AA0B3D /* kern_config.hpp */,
				CE405EE11E4A754A00AA0B3D /* kern_disasm.hpp */,
				CE405EE21E4A754A00AA0B3D /* kern_file.hpp */,
				CE405EE31E4A754A00AA0B3D /* kern_iokit.hpp */,
				CE405EE41E4A754A00AA0B3D /* kern_mach.hpp */,
				CE405EE51E4A754A00AA0B3D /* kern_patcher.hpp */,
				CE405EE61E4A754A00AA0B3D /* kern_policy.hpp */,
				CE405EE81E4A754A00AA0B3D /* kern_user.hpp */,
				CE405EE91E4A754A00AA0B3D /* kern_util.hpp */,
				CE405EEA1E4A754A00AA0B3D /* plugin_start.hpp */,
			);
			name = Headers;
			path = Lilu.kext/Contents/Resources/Headers;
			sourceTree = "<group>";
		};
		CE405EEB1E4A754A00AA0B3D /* Library */ = {
			isa = PBXGroup;
			children = (
				CE405EEC1E4A754A00AA0B3D /* LegacyIOService.h */,
				CED4408E1E4CEA91004A8782 /* libkmod.a */,
				CE405EEE1E4A754A00AA0B3D /* plugin_start.cpp */,
			);
			name = Library;
			path = Lilu.kext/Contents/Resources/Library;
			sourceTree = "<group>";
		};
		CE405EFF1E4A755E00AA0B3D /* SDK */ = {
			isa = PBXGroup;
			children = (
				CE405EDD1E4A754A00AA0B3D /* Headers */,
				CE405EEB1E4A754A00AA0B3D /* Library */,
			);
			name = SDK;
			sourceTree = "<group>";
		};
		CEC962481D835DE400E3E772 /* Docs */ = {
			isa = PBXGroup;
			children = (
				CE2207671F3449030097F9F8 /* Manual */,
				CEC962431D835DE000E3E772 /* Changelog.md */,
				CEC962461D835DE000E3E772 /* LICENSE.txt */,
				CEC962471D835DE000E3E772 /* README.md */,
			);
			name = Docs;
			sourceTree = "<group>";
		};
/* End PBXGroup section */

/* Begin PBXHeadersBuildPhase section */
		1C748C241C21952C0024EED2 /* Headers */ = {
			isa = PBXHeadersBuildPhase;
			buildActionMask = 2147483647;
			files = (
				CE405EF11E4A754A00AA0B3D /* kern_config.hpp in Headers */,
				CE405EF71E4A754A00AA0B3D /* kern_policy.hpp in Headers */,
				CE405EF51E4A754A00AA0B3D /* kern_mach.hpp in Headers */,
				CE405EFC1E4A754A00AA0B3D /* LegacyIOService.h in Headers */,
				CE405EEF1E4A754A00AA0B3D /* kern_api.hpp in Headers */,
				CE405EFB1E4A754A00AA0B3D /* plugin_start.hpp in Headers */,
				CE405EF61E4A754A00AA0B3D /* kern_patcher.hpp in Headers */,
				CE405EF41E4A754A00AA0B3D /* kern_iokit.hpp in Headers */,
				CE405EF31E4A754A00AA0B3D /* kern_file.hpp in Headers */,
				CE405EF91E4A754A00AA0B3D /* kern_user.hpp in Headers */,
				CE405EFA1E4A754A00AA0B3D /* kern_util.hpp in Headers */,
				CE405EF01E4A754A00AA0B3D /* kern_compression.hpp in Headers */,
				CE405EF21E4A754A00AA0B3D /* kern_disasm.hpp in Headers */,
			);
			runOnlyForDeploymentPostprocessing = 0;
		};
/* End PBXHeadersBuildPhase section */

/* Begin PBXNativeTarget section */
		1C32BDB41CDD485C0052FA40 /* ResourceConverter */ = {
			isa = PBXNativeTarget;
			buildConfigurationList = 1C32BDB91CDD485C0052FA40 /* Build configuration list for PBXNativeTarget "ResourceConverter" */;
			buildPhases = (
				1C32BDB11CDD485C0052FA40 /* Sources */,
				1C32BDB31CDD485C0052FA40 /* CopyFiles */,
				1C32BDBE1CDD48960052FA40 /* Generate Resources */,
			);
			buildRules = (
			);
			dependencies = (
			);
			name = ResourceConverter;
			productName = ResourceConverter;
			productReference = 1C32BDB51CDD485C0052FA40 /* ResourceConverter */;
			productType = "com.apple.product-type.tool";
		};
		1C748C261C21952C0024EED2 /* Shiki */ = {
			isa = PBXNativeTarget;
			buildConfigurationList = 1C748C311C21952C0024EED2 /* Build configuration list for PBXNativeTarget "Shiki" */;
			buildPhases = (
				1C748C221C21952C0024EED2 /* Sources */,
				1C748C241C21952C0024EED2 /* Headers */,
				1C748C251C21952C0024EED2 /* Resources */,
				CE6BD31D1E4CE9C600DCB2D4 /* Frameworks */,
			);
			buildRules = (
			);
			dependencies = (
				1C32BDBD1CDD48920052FA40 /* PBXTargetDependency */,
			);
			name = Shiki;
			productName = Shiki;
			productReference = 1C748C271C21952C0024EED2 /* Shiki.kext */;
			productType = "com.apple.product-type.kernel-extension";
		};
/* End PBXNativeTarget section */

/* Begin PBXProject section */
		1C748C1E1C21952C0024EED2 /* Project object */ = {
			isa = PBXProject;
			attributes = {
				LastUpgradeCheck = 0900;
				ORGANIZATIONNAME = vit9696;
				TargetAttributes = {
					1C32BDB41CDD485C0052FA40 = {
						CreatedOnToolsVersion = 7.3.1;
					};
					1C748C261C21952C0024EED2 = {
						CreatedOnToolsVersion = 7.2;
					};
				};
			};
			buildConfigurationList = 1C748C211C21952C0024EED2 /* Build configuration list for PBXProject "Shiki" */;
			compatibilityVersion = "Xcode 3.2";
			developmentRegion = English;
			hasScannedForEncodings = 0;
			knownRegions = (
				en,
			);
			mainGroup = 1C748C1D1C21952C0024EED2;
			productRefGroup = 1C748C281C21952C0024EED2 /* Products */;
			projectDirPath = "";
			projectRoot = "";
			targets = (
				1C748C261C21952C0024EED2 /* Shiki */,
				1C32BDB41CDD485C0052FA40 /* ResourceConverter */,
			);
		};
/* End PBXProject section */

/* Begin PBXResourcesBuildPhase section */
		1C748C251C21952C0024EED2 /* Resources */ = {
			isa = PBXResourcesBuildPhase;
			buildActionMask = 2147483647;
			files = (
			);
			runOnlyForDeploymentPostprocessing = 0;
		};
/* End PBXResourcesBuildPhase section */

/* Begin PBXShellScriptBuildPhase section */
		1C32BDBE1CDD48960052FA40 /* Generate Resources */ = {
			isa = PBXShellScriptBuildPhase;
			buildActionMask = 2147483647;
			files = (
			);
			inputPaths = (
			);
			name = "Generate Resources";
			outputPaths = (
			);
			runOnlyForDeploymentPostprocessing = 0;
			shellPath = /bin/sh;
			shellScript = "sh \"${PROJECT_DIR}/ResourceConverter/generate.sh\"";
		};
/* End PBXShellScriptBuildPhase section */

/* Begin PBXSourcesBuildPhase section */
		1C32BDB11CDD485C0052FA40 /* Sources */ = {
			isa = PBXSourcesBuildPhase;
			buildActionMask = 2147483647;
			files = (
				1C32BDB81CDD485C0052FA40 /* main.mm in Sources */,
			);
			runOnlyForDeploymentPostprocessing = 0;
		};
		1C748C221C21952C0024EED2 /* Sources */ = {
			isa = PBXSourcesBuildPhase;
			buildActionMask = 2147483647;
			files = (
				1C748C2D1C21952C0024EED2 /* kern_start.cpp in Sources */,
				1C32BDAF1CDD3D100052FA40 /* kern_resources.cpp in Sources */,
				CE405EFE1E4A754A00AA0B3D /* plugin_start.cpp in Sources */,
			);
			runOnlyForDeploymentPostprocessing = 0;
		};
/* End PBXSourcesBuildPhase section */

/* Begin PBXTargetDependency section */
		1C32BDBD1CDD48920052FA40 /* PBXTargetDependency */ = {
			isa = PBXTargetDependency;
			target = 1C32BDB41CDD485C0052FA40 /* ResourceConverter */;
			targetProxy = 1C32BDBC1CDD48920052FA40 /* PBXContainerItemProxy */;
		};
/* End PBXTargetDependency section */

/* Begin XCBuildConfiguration section */
		1C32BDBA1CDD485C0052FA40 /* Debug */ = {
			isa = XCBuildConfiguration;
			buildSettings = {
				CLANG_ANALYZER_NONNULL = YES;
				CODE_SIGN_IDENTITY = "-";
				ONLY_ACTIVE_ARCH = YES;
				PRODUCT_NAME = "$(TARGET_NAME)";
			};
			name = Debug;
		};
		1C32BDBB1CDD485C0052FA40 /* Release */ = {
			isa = XCBuildConfiguration;
			buildSettings = {
				CLANG_ANALYZER_NONNULL = YES;
				CODE_SIGN_IDENTITY = "-";
				PRODUCT_NAME = "$(TARGET_NAME)";
			};
			name = Release;
		};
		1C748C2F1C21952C0024EED2 /* Debug */ = {
			isa = XCBuildConfiguration;
			buildSettings = {
				ALWAYS_SEARCH_USER_PATHS = NO;
				ARCHS = "$(ARCHS_STANDARD_64_BIT)";
				CLANG_CXX_LANGUAGE_STANDARD = "c++14";
				CLANG_CXX_LIBRARY = "libc++";
				CLANG_WARN_BLOCK_CAPTURE_AUTORELEASING = YES;
				CLANG_WARN_BOOL_CONVERSION = YES;
				CLANG_WARN_COMMA = YES;
				CLANG_WARN_CONSTANT_CONVERSION = YES;
				CLANG_WARN_DIRECT_OBJC_ISA_USAGE = YES_ERROR;
				CLANG_WARN_EMPTY_BODY = YES;
				CLANG_WARN_ENUM_CONVERSION = YES;
				CLANG_WARN_INFINITE_RECURSION = YES;
				CLANG_WARN_INT_CONVERSION = YES;
				CLANG_WARN_NON_LITERAL_NULL_CONVERSION = YES;
				CLANG_WARN_OBJC_LITERAL_CONVERSION = YES;
				CLANG_WARN_OBJC_ROOT_CLASS = YES_ERROR;
				CLANG_WARN_RANGE_LOOP_ANALYSIS = YES;
				CLANG_WARN_STRICT_PROTOTYPES = YES;
				CLANG_WARN_SUSPICIOUS_MOVE = YES;
				CLANG_WARN_UNREACHABLE_CODE = YES;
				CLANG_WARN__DUPLICATE_METHOD_MATCH = YES;
				DEBUG_INFORMATION_FORMAT = dwarf;
				ENABLE_STRICT_OBJC_MSGSEND = YES;
				GCC_C_LANGUAGE_STANDARD = c11;
				GCC_NO_COMMON_BLOCKS = YES;
				GCC_OPTIMIZATION_LEVEL = 0;
				GCC_PREPROCESSOR_DEFINITIONS = (
					"DEBUG=1",
					"$(inherited)",
				);
				GCC_SYMBOLS_PRIVATE_EXTERN = YES;
				GCC_WARN_64_TO_32_BIT_CONVERSION = YES;
				GCC_WARN_ABOUT_RETURN_TYPE = YES_ERROR;
				GCC_WARN_UNDECLARED_SELECTOR = YES;
				GCC_WARN_UNINITIALIZED_AUTOS = YES_AGGRESSIVE;
				GCC_WARN_UNUSED_FUNCTION = YES;
				GCC_WARN_UNUSED_VARIABLE = YES;
				SDKROOT = macosx;
			};
			name = Debug;
		};
		1C748C301C21952C0024EED2 /* Release */ = {
			isa = XCBuildConfiguration;
			buildSettings = {
				ALWAYS_SEARCH_USER_PATHS = NO;
				ARCHS = "$(ARCHS_STANDARD_64_BIT)";
				CLANG_CXX_LANGUAGE_STANDARD = "c++14";
				CLANG_CXX_LIBRARY = "libc++";
				CLANG_WARN_BLOCK_CAPTURE_AUTORELEASING = YES;
				CLANG_WARN_BOOL_CONVERSION = YES;
				CLANG_WARN_COMMA = YES;
				CLANG_WARN_CONSTANT_CONVERSION = YES;
				CLANG_WARN_DIRECT_OBJC_ISA_USAGE = YES_ERROR;
				CLANG_WARN_EMPTY_BODY = YES;
				CLANG_WARN_ENUM_CONVERSION = YES;
				CLANG_WARN_INFINITE_RECURSION = YES;
				CLANG_WARN_INT_CONVERSION = YES;
				CLANG_WARN_NON_LITERAL_NULL_CONVERSION = YES;
				CLANG_WARN_OBJC_LITERAL_CONVERSION = YES;
				CLANG_WARN_OBJC_ROOT_CLASS = YES_ERROR;
				CLANG_WARN_RANGE_LOOP_ANALYSIS = YES;
				CLANG_WARN_STRICT_PROTOTYPES = YES;
				CLANG_WARN_SUSPICIOUS_MOVE = YES;
				CLANG_WARN_UNREACHABLE_CODE = YES;
				CLANG_WARN__DUPLICATE_METHOD_MATCH = YES;
				DEBUG_INFORMATION_FORMAT = "dwarf-with-dsym";
				ENABLE_STRICT_OBJC_MSGSEND = YES;
				GCC_C_LANGUAGE_STANDARD = c11;
				GCC_NO_COMMON_BLOCKS = YES;
				GCC_OPTIMIZATION_LEVEL = 3;
				GCC_SYMBOLS_PRIVATE_EXTERN = YES;
				GCC_UNROLL_LOOPS = YES;
				GCC_WARN_64_TO_32_BIT_CONVERSION = YES;
				GCC_WARN_ABOUT_RETURN_TYPE = YES_ERROR;
				GCC_WARN_UNDECLARED_SELECTOR = YES;
				GCC_WARN_UNINITIALIZED_AUTOS = YES_AGGRESSIVE;
				GCC_WARN_UNUSED_FUNCTION = YES;
				GCC_WARN_UNUSED_VARIABLE = YES;
				SDKROOT = macosx;
			};
			name = Release;
		};
		1C748C321C21952C0024EED2 /* Debug */ = {
			isa = XCBuildConfiguration;
			buildSettings = {
				COPY_PHASE_STRIP = NO;
				CURRENT_PROJECT_VERSION = "$(MODULE_VERSION)";
				DEPLOYMENT_POSTPROCESSING = YES;
				GCC_ENABLE_FLOATING_POINT_LIBRARY_CALLS = NO;
				GCC_ENABLE_KERNEL_DEVELOPMENT = NO;
				GCC_GENERATE_DEBUGGING_SYMBOLS = NO;
				GCC_PREPROCESSOR_DEFINITIONS = (
					"MODULE_VERSION=$(MODULE_VERSION)",
					"PRODUCT_NAME=$(PRODUCT_NAME)",
					"$(inherited)",
				);
				HEADER_SEARCH_PATHS = "${PROJECT_DIR}/Lilu.kext/Contents/Resources";
				INFOPLIST_FILE = Shiki/Info.plist;
				LIBRARY_SEARCH_PATHS = (
					"$(inherited)",
					"$(PROJECT_DIR)/Lilu.kext/Contents/Resources/Library",
				);
				MACOSX_DEPLOYMENT_TARGET = 10.8;
				MODULE_NAME = as.vit9696.Shiki;
				MODULE_START = "$(PRODUCT_NAME)_kern_start";
				MODULE_STOP = "$(PRODUCT_NAME)_kern_stop";
				MODULE_VERSION = 2.0.4;
				OTHER_CFLAGS = (
					"-mmmx",
					"-msse",
					"-msse2",
					"-msse3",
					"-mfpmath=sse",
					"-mssse3",
					"-ftree-vectorize",
					"-fno-non-call-exceptions",
					"-fno-builtin",
					"-fno-asynchronous-unwind-tables",
				);
				OTHER_LDFLAGS = "-static";
				PRODUCT_BUNDLE_IDENTIFIER = "$(MODULE_NAME)";
				PRODUCT_NAME = "$(TARGET_NAME)";
				WRAPPER_EXTENSION = kext;
			};
			name = Debug;
		};
		1C748C331C21952C0024EED2 /* Release */ = {
			isa = XCBuildConfiguration;
			buildSettings = {
				CURRENT_PROJECT_VERSION = "$(MODULE_VERSION)";
				DEAD_CODE_STRIPPING = YES;
				DEPLOYMENT_POSTPROCESSING = YES;
				GCC_ENABLE_FLOATING_POINT_LIBRARY_CALLS = NO;
				GCC_ENABLE_KERNEL_DEVELOPMENT = NO;
				GCC_GENERATE_DEBUGGING_SYMBOLS = YES;
				GCC_PREPROCESSOR_DEFINITIONS = (
					"MODULE_VERSION=$(MODULE_VERSION)",
					"PRODUCT_NAME=$(PRODUCT_NAME)",
				);
				HEADER_SEARCH_PATHS = "${PROJECT_DIR}/Lilu.kext/Contents/Resources";
				INFOPLIST_FILE = Shiki/Info.plist;
				LIBRARY_SEARCH_PATHS = (
					"$(inherited)",
					"$(PROJECT_DIR)/Lilu.kext/Contents/Resources/Library",
				);
				LLVM_LTO = YES;
				MACOSX_DEPLOYMENT_TARGET = 10.8;
				MODULE_NAME = as.vit9696.Shiki;
				MODULE_START = "$(PRODUCT_NAME)_kern_start";
				MODULE_STOP = "$(PRODUCT_NAME)_kern_stop";
				MODULE_VERSION = 2.0.4;
				OTHER_CFLAGS = (
					"-mmmx",
					"-msse",
					"-msse2",
					"-msse3",
					"-mfpmath=sse",
					"-mssse3",
					"-ftree-vectorize",
					"-fno-non-call-exceptions",
					"-fno-builtin",
					"-fno-asynchronous-unwind-tables",
				);
				OTHER_LDFLAGS = "-static";
				PRODUCT_BUNDLE_IDENTIFIER = "$(MODULE_NAME)";
				PRODUCT_NAME = "$(TARGET_NAME)";
				STRIP_STYLE = "non-global";
				WRAPPER_EXTENSION = kext;
			};
			name = Release;
		};
/* End XCBuildConfiguration section */

/* Begin XCConfigurationList section */
		1C32BDB91CDD485C0052FA40 /* Build configuration list for PBXNativeTarget "ResourceConverter" */ = {
			isa = XCConfigurationList;
			buildConfigurations = (
				1C32BDBA1CDD485C0052FA40 /* Debug */,
				1C32BDBB1CDD485C0052FA40 /* Release */,
			);
			defaultConfigurationIsVisible = 0;
			defaultConfigurationName = Release;
		};
		1C748C211C21952C0024EED2 /* Build configuration list for PBXProject "Shiki" */ = {
			isa = XCConfigurationList;
			buildConfigurations = (
				1C748C2F1C21952C0024EED2 /* Debug */,
				1C748C301C21952C0024EED2 /* Release */,
			);
			defaultConfigurationIsVisible = 0;
			defaultConfigurationName = Release;
		};
		1C748C311C21952C0024EED2 /* Build configuration list for PBXNativeTarget "Shiki" */ = {
			isa = XCConfigurationList;
			buildConfigurations = (
				1C748C321C21952C0024EED2 /* Debug */,
				1C748C331C21952C0024EED2 /* Release */,
			);
			defaultConfigurationIsVisible = 0;
			defaultConfigurationName = Release;
		};
/* End XCConfigurationList section */
	};
	rootObject = 1C748C1E1C21952C0024EED2 /* Project object */;
}
